// !$*UTF8*$!
{
	archiveVersion = 1;
	classes = {
	};
	objectVersion = 77;
	objects = {

/* Begin PBXBuildFile section */
		9601A0002F9A000100000001 /* VIN in Frameworks */ = {isa = PBXBuildFile; productRef = 9601A0012F9A000100000001 /* VIN */; };
		961B06682F96DA31004A2A7C /* AppleIntelligenceForSwiftUI in Frameworks */ = {isa = PBXBuildFile; productRef = 961B06692F96DA31004A2A7C /* AppleIntelligenceForSwiftUI */; };
		9661CECF2F7510F600B851E8 /* SwiftOBD2 in Frameworks */ = {isa = PBXBuildFile; productRef = 9661CECE2F7510F600B851E8 /* SwiftOBD2 */; };
/* End PBXBuildFile section */

/* Begin PBXContainerItemProxy section */
		962FAE5E2F73AF62008D4207 /* PBXContainerItemProxy */ = {
			isa = PBXContainerItemProxy;
			containerPortal = 962FAE462F73AF60008D4207 /* Project object */;
			proxyType = 1;
			remoteGlobalIDString = 962FAE4D2F73AF60008D4207;
			remoteInfo = DriveOps;
		};
		962FAE682F73AF62008D4207 /* PBXContainerItemProxy */ = {
			isa = PBXContainerItemProxy;
			containerPortal = 962FAE462F73AF60008D4207 /* Project object */;
			proxyType = 1;
			remoteGlobalIDString = 962FAE4D2F73AF60008D4207;
			remoteInfo = DriveOps;
		};
/* End PBXContainerItemProxy section */

/* Begin PBXFileReference section */
		962FAE4E2F73AF60008D4207 /* DriveOps.app */ = {isa = PBXFileReference; explicitFileType = wrapper.application; includeInIndex = 0; path = DriveOps.app; sourceTree = BUILT_PRODUCTS_DIR; };
		962FAE5D2F73AF62008D4207 /* DriveOpsTests.xctest */ = {isa = PBXFileReference; explicitFileType = wrapper.cfbundle; includeInIndex = 0; path = DriveOpsTests.xctest; sourceTree = BUILT_PRODUCTS_DIR; };
		962FAE672F73AF62008D4207 /* DriveOpsUITests.xctest */ = {isa = PBXFileReference; explicitFileType = wrapper.cfbundle; includeInIndex = 0; path = DriveOpsUITests.xctest; sourceTree = BUILT_PRODUCTS_DIR; };
/* End PBXFileReference section */

/* Begin PBXFileSystemSynchronizedBuildFileExceptionSet section */
		969CD4F82F7BDA530037FA70 /* Exceptions for "DriveOps" folder in "DriveOps" target */ = {
			isa = PBXFileSystemSynchronizedBuildFileExceptionSet;
			membershipExceptions = (
				Info.plist,
			);
			target = 962FAE4D2F73AF60008D4207 /* DriveOps */;
		};
/* End PBXFileSystemSynchronizedBuildFileExceptionSet section */

/* Begin PBXFileSystemSynchronizedRootGroup section */
		962FAE502F73AF60008D4207 /* DriveOps */ = {
			isa = PBXFileSystemSynchronizedRootGroup;
			exceptions = (
				969CD4F82F7BDA530037FA70 /* Exceptions for "DriveOps" folder in "DriveOps" target */,
			);
			path = DriveOps;
			sourceTree = "<group>";
		};
		962FAE602F73AF62008D4207 /* DriveOpsTests */ = {
			isa = PBXFileSystemSynchronizedRootGroup;
			path = DriveOpsTests;
			sourceTree = "<group>";
		};
		962FAE6A2F73AF62008D4207 /* DriveOpsUITests */ = {
			isa = PBXFileSystemSynchronizedRootGroup;
			path = DriveOpsUITests;
			sourceTree = "<group>";
		};
/* End PBXFileSystemSynchronizedRootGroup section */

/* Begin PBXFrameworksBuildPhase section */
		962FAE4B2F73AF60008D4207 /* Frameworks */ = {
			isa = PBXFrameworksBuildPhase;
			buildActionMask = 2147483647;
			files = (
				9661CECF2F7510F600B851E8 /* SwiftOBD2 in Frameworks */,
				961B06682F96DA31004A2A7C /* AppleIntelligenceForSwiftUI in Frameworks */,
				9601A0002F9A000100000001 /* VIN in Frameworks */,
			);
			runOnlyForDeploymentPostprocessing = 0;
		};
		962FAE5A2F73AF62008D4207 /* Frameworks */ = {
			isa = PBXFrameworksBuildPhase;
			buildActionMask = 2147483647;
			files = (
			);
			runOnlyForDeploymentPostprocessing = 0;
		};
		962FAE642F73AF62008D4207 /* Frameworks */ = {
			isa = PBXFrameworksBuildPhase;
			buildActionMask = 2147483647;
			files = (
			);
			runOnlyForDeploymentPostprocessing = 0;
		};
/* End PBXFrameworksBuildPhase section */

/* Begin PBXGroup section */
		962FAE452F73AF60008D4207 = {
			isa = PBXGroup;
			children = (
				962FAE502F73AF60008D4207 /* DriveOps */,
				962FAE602F73AF62008D4207 /* DriveOpsTests */,
				962FAE6A2F73AF62008D4207 /* DriveOpsUITests */,
				962FAE4F2F73AF60008D4207 /* Products */,
			);
			sourceTree = "<group>";
		};
		962FAE4F2F73AF60008D4207 /* Products */ = {
			isa = PBXGroup;
			children = (
				962FAE4E2F73AF60008D4207 /* DriveOps.app */,
				962FAE5D2F73AF62008D4207 /* DriveOpsTests.xctest */,
				962FAE672F73AF62008D4207 /* DriveOpsUITests.xctest */,
			);
			name = Products;
			sourceTree = "<group>";
		};
/* End PBXGroup section */

/* Begin PBXNativeTarget section */
		962FAE4D2F73AF60008D4207 /* DriveOps */ = {
			isa = PBXNativeTarget;
			buildConfigurationList = 962FAE712F73AF62008D4207 /* Build configuration list for PBXNativeTarget "DriveOps" */;
			buildPhases = (
				962FAE4A2F73AF60008D4207 /* Sources */,
				962FAE4B2F73AF60008D4207 /* Frameworks */,
				962FAE4C2F73AF60008D4207 /* Resources */,
			);
			buildRules = (
			);
			dependencies = (
			);
			fileSystemSynchronizedGroups = (
				962FAE502F73AF60008D4207 /* DriveOps */,
			);
			name = DriveOps;
			packageProductDependencies = (
				9661CECE2F7510F600B851E8 /* SwiftOBD2 */,
				961B06692F96DA31004A2A7C /* AppleIntelligenceForSwiftUI */,
				9601A0012F9A000100000001 /* VIN */,
			);
			productName = DriveOps;
			productReference = 962FAE4E2F73AF60008D4207 /* DriveOps.app */;
			productType = "com.apple.product-type.application";
		};
		962FAE5C2F73AF62008D4207 /* DriveOpsTests */ = {
			isa = PBXNativeTarget;
			buildConfigurationList = 962FAE742F73AF62008D4207 /* Build configuration list for PBXNativeTarget "DriveOpsTests" */;
			buildPhases = (
				962FAE592F73AF62008D4207 /* Sources */,
				962FAE5A2F73AF62008D4207 /* Frameworks */,
				962FAE5B2F73AF62008D4207 /* Resources */,
			);
			buildRules = (
			);
			dependencies = (
				962FAE5F2F73AF62008D4207 /* PBXTargetDependency */,
			);
			fileSystemSynchronizedGroups = (
				962FAE602F73AF62008D4207 /* DriveOpsTests */,
			);
			name = DriveOpsTests;
			packageProductDependencies = (
			);
			productName = DriveOpsTests;
			productReference = 962FAE5D2F73AF62008D4207 /* DriveOpsTests.xctest */;
			productType = "com.apple.product-type.bundle.unit-test";
		};
		962FAE662F73AF62008D4207 /* DriveOpsUITests */ = {
			isa = PBXNativeTarget;
			buildConfigurationList = 962FAE772F73AF62008D4207 /* Build configuration list for PBXNativeTarget "DriveOpsUITests" */;
			buildPhases = (
				962FAE632F73AF62008D4207 /* Sources */,
				962FAE642F73AF62008D4207 /* Frameworks */,
				962FAE652F73AF62008D4207 /* Resources */,
			);
			buildRules = (
			);
			dependencies = (
				962FAE692F73AF62008D4207 /* PBXTargetDependency */,
			);
			fileSystemSynchronizedGroups = (
				962FAE6A2F73AF62008D4207 /* DriveOpsUITests */,
			);
			name = DriveOpsUITests;
			packageProductDependencies = (
			);
			productName = DriveOpsUITests;
			productReference = 962FAE672F73AF62008D4207 /* DriveOpsUITests.xctest */;
			productType = "com.apple.product-type.bundle.ui-testing";
		};
/* End PBXNativeTarget section */

/* Begin PBXProject section */
		962FAE462F73AF60008D4207 /* Project object */ = {
			isa = PBXProject;
			attributes = {
				BuildIndependentTargetsInParallel = 1;
				LastSwiftUpdateCheck = 2720;
				LastUpgradeCheck = 2720;
				TargetAttributes = {
					962FAE4D2F73AF60008D4207 = {
						CreatedOnToolsVersion = 26.2;
					};
					962FAE5C2F73AF62008D4207 = {
						CreatedOnToolsVersion = 26.2;
						TestTargetID = 962FAE4D2F73AF60008D4207;
					};
					962FAE662F73AF62008D4207 = {
						CreatedOnToolsVersion = 26.2;
						TestTargetID = 962FAE4D2F73AF60008D4207;
					};
				};
			};
			buildConfigurationList = 962FAE492F73AF60008D4207 /* Build configuration list for PBXProject "DriveOps" */;
			developmentRegion = en;
			hasScannedForEncodings = 0;
			knownRegions = (
				en,
				Base,
			);
			mainGroup = 962FAE452F73AF60008D4207;
			minimizedProjectReferenceProxies = 1;
			packageReferences = (
				9661CECD2F7510F600B851E8 /* XCRemoteSwiftPackageReference "EVMSwiftOBD2" */,
				961B06672F96DA31004A2A7C /* XCRemoteSwiftPackageReference "AppleIntelligenceForSwiftUI" */,
				9601A0022F9A000100000001 /* XCRemoteSwiftPackageReference "VIN" */,
			);
			preferredProjectObjectVersion = 77;
			productRefGroup = 962FAE4F2F73AF60008D4207 /* Products */;
			projectDirPath = "";
			projectRoot = "";
			targets = (
				962FAE4D2F73AF60008D4207 /* DriveOps */,
				962FAE5C2F73AF62008D4207 /* DriveOpsTests */,
				962FAE662F73AF62008D4207 /* DriveOpsUITests */,
			);
		};
/* End PBXProject section */

/* Begin PBXResourcesBuildPhase section */
		962FAE4C2F73AF60008D4207 /* Resources */ = {
			isa = PBXResourcesBuildPhase;
			buildActionMask = 2147483647;
			files = (
			);
			runOnlyForDeploymentPostprocessing = 0;
		};
		962FAE5B2F73AF62008D4207 /* Resources */ = {
			isa = PBXResourcesBuildPhase;
			buildActionMask = 2147483647;
			files = (
			);
			runOnlyForDeploymentPostprocessing = 0;
		};
		962FAE652F73AF62008D4207 /* Resources */ = {
			isa = PBXResourcesBuildPhase;
			buildActionMask = 2147483647;
			files = (
			);
			runOnlyForDeploymentPostprocessing = 0;
		};
/* End PBXResourcesBuildPhase section */

/* Begin PBXSourcesBuildPhase section */
		962FAE4A2F73AF60008D4207 /* Sources */ = {
			isa = PBXSourcesBuildPhase;
			buildActionMask = 2147483647;
			files = (
			);
			runOnlyForDeploymentPostprocessing = 0;
		};
		962FAE592F73AF62008D4207 /* Sources */ = {
			isa = PBXSourcesBuildPhase;
			buildActionMask = 2147483647;
			files = (
			);
			runOnlyForDeploymentPostprocessing = 0;
		};
		962FAE632F73AF62008D4207 /* Sources */ = {
			isa = PBXSourcesBuildPhase;
			buildActionMask = 2147483647;
			files = (
			);
			runOnlyForDeploymentPostprocessing = 0;
		};
/* End PBXSourcesBuildPhase section */

/* Begin PBXTargetDependency section */
		962FAE5F2F73AF62008D4207 /* PBXTargetDependency */ = {
			isa = PBXTargetDependency;
			target = 962FAE4D2F73AF60008D4207 /* DriveOps */;
			targetProxy = 962FAE5E2F73AF62008D4207 /* PBXContainerItemProxy */;
		};
		962FAE692F73AF62008D4207 /* PBXTargetDependency */ = {
			isa = PBXTargetDependency;
			target = 962FAE4D2F73AF60008D4207 /* DriveOps */;
			targetProxy = 962FAE682F73AF62008D4207 /* PBXContainerItemProxy */;
		};
/* End PBXTargetDependency section */

/* Begin XCBuildConfiguration section */
		962FAE6F2F73AF62008D4207 /* Debug */ = {
			isa = XCBuildConfiguration;
			buildSettings = {
				ALWAYS_SEARCH_USER_PATHS = NO;
				ASSETCATALOG_COMPILER_GENERATE_SWIFT_ASSET_SYMBOL_EXTENSIONS = YES;
				CLANG_ANALYZER_NONNULL = YES;
				CLANG_ANALYZER_NUMBER_OBJECT_CONVERSION = YES_AGGRESSIVE;
				CLANG_CXX_LANGUAGE_STANDARD = "gnu++20";
				CLANG_ENABLE_MODULES = YES;
				CLANG_ENABLE_OBJC_ARC = YES;
				CLANG_ENABLE_OBJC_WEAK = YES;
				CLANG_WARN_BLOCK_CAPTURE_AUTORELEASING = YES;
				CLANG_WARN_BOOL_CONVERSION = YES;
				CLANG_WARN_COMMA = YES;
				CLANG_WARN_CONSTANT_CONVERSION = YES;
				CLANG_WARN_DEPRECATED_OBJC_IMPLEMENTATIONS = YES;
				CLANG_WARN_DIRECT_OBJC_ISA_USAGE = YES_ERROR;
				CLANG_WARN_DOCUMENTATION_COMMENTS = YES;
				CLANG_WARN_EMPTY_BODY = YES;
				CLANG_WARN_ENUM_CONVERSION = YES;
				CLANG_WARN_INFINITE_RECURSION = YES;
				CLANG_WARN_INT_CONVERSION = YES;
				CLANG_WARN_NON_LITERAL_NULL_CONVERSION = YES;
				CLANG_WARN_OBJC_IMPLICIT_RETAIN_SELF = YES;
				CLANG_WARN_OBJC_LITERAL_CONVERSION = YES;
				CLANG_WARN_OBJC_ROOT_CLASS = YES_ERROR;
				CLANG_WARN_QUOTED_INCLUDE_IN_FRAMEWORK_HEADER = YES;
				CLANG_WARN_RANGE_LOOP_ANALYSIS = YES;
				CLANG_WARN_STRICT_PROTOTYPES = YES;
				CLANG_WARN_SUSPICIOUS_MOVE = YES;
				CLANG_WARN_UNGUARDED_AVAILABILITY = YES_AGGRESSIVE;
				CLANG_WARN_UNREACHABLE_CODE = YES;
				CLANG_WARN__DUPLICATE_METHOD_MATCH = YES;
				COPY_PHASE_STRIP = NO;
				DEBUG_INFORMATION_FORMAT = dwarf;
				DEVELOPMENT_TEAM = YPPL9F7Y4F;
				ENABLE_STRICT_OBJC_MSGSEND = YES;
				ENABLE_TESTABILITY = YES;
				ENABLE_USER_SCRIPT_SANDBOXING = YES;
				GCC_C_LANGUAGE_STANDARD = gnu17;
				GCC_DYNAMIC_NO_PIC = NO;
				GCC_NO_COMMON_BLOCKS = YES;
				GCC_OPTIMIZATION_LEVEL = 0;
				GCC_PREPROCESSOR_DEFINITIONS = (
					"DEBUG=1",
					"$(inherited)",
				);
				GCC_WARN_64_TO_32_BIT_CONVERSION = YES;
				GCC_WARN_ABOUT_RETURN_TYPE = YES_ERROR;
				GCC_WARN_UNDECLARED_SELECTOR = YES;
				GCC_WARN_UNINITIALIZED_AUTOS = YES_AGGRESSIVE;
				GCC_WARN_UNUSED_FUNCTION = YES;
				GCC_WARN_UNUSED_VARIABLE = YES;
				LOCALIZATION_PREFERS_STRING_CATALOGS = YES;
				MTL_ENABLE_DEBUG_INFO = INCLUDE_SOURCE;
				MTL_FAST_MATH = YES;
				ONLY_ACTIVE_ARCH = YES;
				SWIFT_ACTIVE_COMPILATION_CONDITIONS = "DEBUG $(inherited)";
				SWIFT_OPTIMIZATION_LEVEL = "-Onone";
			};
			name = Debug;
		};
		962FAE702F73AF62008D4207 /* Release */ = {
			isa = XCBuildConfiguration;
			buildSettings = {
				ALWAYS_SEARCH_USER_PATHS = NO;
				ASSETCATALOG_COMPILER_GENERATE_SWIFT_ASSET_SYMBOL_EXTENSIONS = YES;
				CLANG_ANALYZER_NONNULL = YES;
				CLANG_ANALYZER_NUMBER_OBJECT_CONVERSION = YES_AGGRESSIVE;
				CLANG_CXX_LANGUAGE_STANDARD = "gnu++20";
				CLANG_ENABLE_MODULES = YES;
				CLANG_ENABLE_OBJC_ARC = YES;
				CLANG_ENABLE_OBJC_WEAK = YES;
				CLANG_WARN_BLOCK_CAPTURE_AUTORELEASING = YES;
				CLANG_WARN_BOOL_CONVERSION = YES;
				CLANG_WARN_COMMA = YES;
				CLANG_WARN_CONSTANT_CONVERSION = YES;
				CLANG_WARN_DEPRECATED_OBJC_IMPLEMENTATIONS = YES;
				CLANG_WARN_DIRECT_OBJC_ISA_USAGE = YES_ERROR;
				CLANG_WARN_DOCUMENTATION_COMMENTS = YES;
				CLANG_WARN_EMPTY_BODY = YES;
				CLANG_WARN_ENUM_CONVERSION = YES;
				CLANG_WARN_INFINITE_RECURSION = YES;
				CLANG_WARN_INT_CONVERSION = YES;
				CLANG_WARN_NON_LITERAL_NULL_CONVERSION = YES;
				CLANG_WARN_OBJC_IMPLICIT_RETAIN_SELF = YES;
				CLANG_WARN_OBJC_LITERAL_CONVERSION = YES;
				CLANG_WARN_OBJC_ROOT_CLASS = YES_ERROR;
				CLANG_WARN_QUOTED_INCLUDE_IN_FRAMEWORK_HEADER = YES;
				CLANG_WARN_RANGE_LOOP_ANALYSIS = YES;
				CLANG_WARN_STRICT_PROTOTYPES = YES;
				CLANG_WARN_SUSPICIOUS_MOVE = YES;
				CLANG_WARN_UNGUARDED_AVAILABILITY = YES_AGGRESSIVE;
				CLANG_WARN_UNREACHABLE_CODE = YES;
				CLANG_WARN__DUPLICATE_METHOD_MATCH = YES;
				COPY_PHASE_STRIP = NO;
				DEBUG_INFORMATION_FORMAT = "dwarf-with-dsym";
				DEVELOPMENT_TEAM = YPPL9F7Y4F;
				ENABLE_NS_ASSERTIONS = NO;
				ENABLE_STRICT_OBJC_MSGSEND = YES;
				ENABLE_USER_SCRIPT_SANDBOXING = YES;
				GCC_C_LANGUAGE_STANDARD = gnu17;
				GCC_NO_COMMON_BLOCKS = YES;
				GCC_WARN_64_TO_32_BIT_CONVERSION = YES;
				GCC_WARN_ABOUT_RETURN_TYPE = YES_ERROR;
				GCC_WARN_UNDECLARED_SELECTOR = YES;
				GCC_WARN_UNINITIALIZED_AUTOS = YES_AGGRESSIVE;
				GCC_WARN_UNUSED_FUNCTION = YES;
				GCC_WARN_UNUSED_VARIABLE = YES;
				LOCALIZATION_PREFERS_STRING_CATALOGS = YES;
				MTL_ENABLE_DEBUG_INFO = NO;
				MTL_FAST_MATH = YES;
				SWIFT_COMPILATION_MODE = wholemodule;
			};
			name = Release;
		};
		962FAE722F73AF62008D4207 /* Debug */ = {
			isa = XCBuildConfiguration;
			buildSettings = {
				ASSETCATALOG_COMPILER_APPICON_NAME = AppIcon;
				ASSETCATALOG_COMPILER_GLOBAL_ACCENT_COLOR_NAME = AccentColor;
				CODE_SIGN_ENTITLEMENTS = DriveOps/DriveOps.entitlements;
				CODE_SIGN_IDENTITY = "Apple Development";
				CODE_SIGN_STYLE = Automatic;
				CURRENT_PROJECT_VERSION = 5;
				DEVELOPMENT_TEAM = YPPL9F7Y4F;
				ENABLE_APP_SANDBOX = YES;
				ENABLE_HARDENED_RUNTIME = YES;
				ENABLE_PREVIEWS = YES;
				ENABLE_USER_SELECTED_FILES = readonly;
				GENERATE_INFOPLIST_FILE = YES;
				INFOPLIST_FILE = DriveOps/Info.plist;
				INFOPLIST_KEY_CFBundleDisplayName = DriveOps;
				INFOPLIST_KEY_NSBluetoothAlwaysUsageDescription = "DriveOps needs Bluetooth to connect to your OBD2 adapter.";
				INFOPLIST_KEY_NSLocationWhenInUseUsageDescription = "DriveOps needs your location to detect which Wi-Fi network you're connected to, so we can check if it's your OBD adapter.";
				"INFOPLIST_KEY_UIApplicationSceneManifest_Generation[sdk=iphoneos*]" = YES;
				"INFOPLIST_KEY_UIApplicationSceneManifest_Generation[sdk=iphonesimulator*]" = YES;
				"INFOPLIST_KEY_UIApplicationSupportsIndirectInputEvents[sdk=iphoneos*]" = YES;
				"INFOPLIST_KEY_UIApplicationSupportsIndirectInputEvents[sdk=iphonesimulator*]" = YES;
				"INFOPLIST_KEY_UILaunchScreen_Generation[sdk=iphoneos*]" = YES;
				"INFOPLIST_KEY_UILaunchScreen_Generation[sdk=iphonesimulator*]" = YES;
				"INFOPLIST_KEY_UIStatusBarStyle[sdk=iphoneos*]" = UIStatusBarStyleDefault;
				"INFOPLIST_KEY_UIStatusBarStyle[sdk=iphonesimulator*]" = UIStatusBarStyleDefault;
				INFOPLIST_KEY_UISupportedInterfaceOrientations = "UIInterfaceOrientationLandscapeLeft UIInterfaceOrientationLandscapeRight UIInterfaceOrientationPortrait UIInterfaceOrientationPortraitUpsideDown";
				IPHONEOS_DEPLOYMENT_TARGET = 26.2;
				LD_RUNPATH_SEARCH_PATHS = "@executable_path/Frameworks";
				"LD_RUNPATH_SEARCH_PATHS[sdk=macosx*]" = "@executable_path/../Frameworks";
				MACOSX_DEPLOYMENT_TARGET = 26.2;
				MARKETING_VERSION = 0.3.0;
				PRODUCT_BUNDLE_IDENTIFIER = abduldavids.DriveOps;
				PRODUCT_NAME = "$(TARGET_NAME)";
				PROVISIONING_PROFILE_SPECIFIER = "";
				REGISTER_APP_GROUPS = YES;
				SDKROOT = auto;
				STRING_CATALOG_GENERATE_SYMBOLS = YES;
				SUPPORTED_PLATFORMS = "iphoneos iphonesimulator";
				SUPPORTS_MACCATALYST = NO;
				SWIFT_APPROACHABLE_CONCURRENCY = YES;
				SWIFT_DEFAULT_ACTOR_ISOLATION = MainActor;
				SWIFT_EMIT_LOC_STRINGS = YES;
				SWIFT_UPCOMING_FEATURE_MEMBER_IMPORT_VISIBILITY = YES;
				SWIFT_VERSION = 5.0;
				TARGETED_DEVICE_FAMILY = "1,2";
				XROS_DEPLOYMENT_TARGET = 26.2;
			};
			name = Debug;
		};
		962FAE732F73AF62008D4207 /* Release */ = {
			isa = XCBuildConfiguration;
			buildSettings = {
				ASSETCATALOG_COMPILER_APPICON_NAME = AppIcon;
				ASSETCATALOG_COMPILER_GLOBAL_ACCENT_COLOR_NAME = AccentColor;
				CODE_SIGN_ENTITLEMENTS = DriveOps/DriveOps.entitlements;
				CODE_SIGN_IDENTITY = "Apple Development";
				CODE_SIGN_STYLE = Automatic;
				CURRENT_PROJECT_VERSION = 5;
				DEVELOPMENT_TEAM = YPPL9F7Y4F;
				ENABLE_APP_SANDBOX = YES;
				ENABLE_HARDENED_RUNTIME = YES;
				ENABLE_PREVIEWS = YES;
				ENABLE_USER_SELECTED_FILES = readonly;
				GENERATE_INFOPLIST_FILE = YES;
				INFOPLIST_FILE = DriveOps/Info.plist;
				INFOPLIST_KEY_CFBundleDisplayName = DriveOps;
				INFOPLIST_KEY_NSBluetoothAlwaysUsageDescription = "DriveOps needs Bluetooth to connect to your OBD2 adapter.";
				INFOPLIST_KEY_NSLocationWhenInUseUsageDescription = "DriveOps needs your location to detect which Wi-Fi network you're connected to, so we can check if it's your OBD adapter.";
				"INFOPLIST_KEY_UIApplicationSceneManifest_Generation[sdk=iphoneos*]" = YES;
				"INFOPLIST_KEY_UIApplicationSceneManifest_Generation[sdk=iphonesimulator*]" = YES;
				"INFOPLIST_KEY_UIApplicationSupportsIndirectInputEvents[sdk=iphoneos*]" = YES;
				"INFOPLIST_KEY_UIApplicationSupportsIndirectInputEvents[sdk=iphonesimulator*]" = YES;
				"INFOPLIST_KEY_UILaunchScreen_Generation[sdk=iphoneos*]" = YES;
				"INFOPLIST_KEY_UILaunchScreen_Generation[sdk=iphonesimulator*]" = YES;
				"INFOPLIST_KEY_UIStatusBarStyle[sdk=iphoneos*]" = UIStatusBarStyleDefault;
				"INFOPLIST_KEY_UIStatusBarStyle[sdk=iphonesimulator*]" = UIStatusBarStyleDefault;
				INFOPLIST_KEY_UISupportedInterfaceOrientations = "UIInterfaceOrientationLandscapeLeft UIInterfaceOrientationLandscapeRight UIInterfaceOrientationPortrait UIInterfaceOrientationPortraitUpsideDown";
				IPHONEOS_DEPLOYMENT_TARGET = 26.2;
				LD_RUNPATH_SEARCH_PATHS = "@executable_path/Frameworks";
				"LD_RUNPATH_SEARCH_PATHS[sdk=macosx*]" = "@executable_path/../Frameworks";
				MACOSX_DEPLOYMENT_TARGET = 26.2;
				MARKETING_VERSION = 0.3.0;
				PRODUCT_BUNDLE_IDENTIFIER = abduldavids.DriveOps;
				PRODUCT_NAME = "$(TARGET_NAME)";
				PROVISIONING_PROFILE_SPECIFIER = "";
				REGISTER_APP_GROUPS = YES;
				SDKROOT = auto;
				STRING_CATALOG_GENERATE_SYMBOLS = YES;
				SUPPORTED_PLATFORMS = "iphoneos iphonesimulator";
				SUPPORTS_MACCATALYST = NO;
				SWIFT_APPROACHABLE_CONCURRENCY = YES;
				SWIFT_DEFAULT_ACTOR_ISOLATION = MainActor;
				SWIFT_EMIT_LOC_STRINGS = YES;
				SWIFT_UPCOMING_FEATURE_MEMBER_IMPORT_VISIBILITY = YES;
				SWIFT_VERSION = 5.0;
				TARGETED_DEVICE_FAMILY = "1,2";
				XROS_DEPLOYMENT_TARGET = 26.2;
			};
			name = Release;
		};
		962FAE752F73AF62008D4207 /* Debug */ = {
			isa = XCBuildConfiguration;
			buildSettings = {
				BUNDLE_LOADER = "$(TEST_HOST)";
				CODE_SIGN_STYLE = Automatic;
				CURRENT_PROJECT_VERSION = 1;
				DEVELOPMENT_TEAM = YPPL9F7Y4F;
				GENERATE_INFOPLIST_FILE = YES;
				IPHONEOS_DEPLOYMENT_TARGET = 26.2;
				MACOSX_DEPLOYMENT_TARGET = 26.2;
				MARKETING_VERSION = 1.0;
				PRODUCT_BUNDLE_IDENTIFIER = abduldavids.DriveOpsTests;
				PRODUCT_NAME = "$(TARGET_NAME)";
				SDKROOT = auto;
				STRING_CATALOG_GENERATE_SYMBOLS = NO;
				SUPPORTED_PLATFORMS = "iphoneos iphonesimulator macosx xros xrsimulator";
				SWIFT_APPROACHABLE_CONCURRENCY = YES;
				SWIFT_EMIT_LOC_STRINGS = NO;
				SWIFT_UPCOMING_FEATURE_MEMBER_IMPORT_VISIBILITY = YES;
				SWIFT_VERSION = 5.0;
				TARGETED_DEVICE_FAMILY = "1,2,7";
				TEST_HOST = "$(BUILT_PRODUCTS_DIR)/DriveOps.app/$(BUNDLE_EXECUTABLE_FOLDER_PATH)/DriveOps";
				XROS_DEPLOYMENT_TARGET = 26.2;
			};
			name = Debug;
		};
		962FAE762F73AF62008D4207 /* Release */ = {
			isa = XCBuildConfiguration;
			buildSettings = {
				BUNDLE_LOADER = "$(TEST_HOST)";
				CODE_SIGN_STYLE = Automatic;
				CURRENT_PROJECT_VERSION = 1;
				DEVELOPMENT_TEAM = YPPL9F7Y4F;
				GENERATE_INFOPLIST_FILE = YES;
				IPHONEOS_DEPLOYMENT_TARGET = 26.2;
				MACOSX_DEPLOYMENT_TARGET = 26.2;
				MARKETING_VERSION = 1.0;
				PRODUCT_BUNDLE_IDENTIFIER = abduldavids.DriveOpsTests;
				PRODUCT_NAME = "$(TARGET_NAME)";
				SDKROOT = auto;
				STRING_CATALOG_GENERATE_SYMBOLS = NO;
				SUPPORTED_PLATFORMS = "iphoneos iphonesimulator macosx xros xrsimulator";
				SWIFT_APPROACHABLE_CONCURRENCY = YES;
				SWIFT_EMIT_LOC_STRINGS = NO;
				SWIFT_UPCOMING_FEATURE_MEMBER_IMPORT_VISIBILITY = YES;
				SWIFT_VERSION = 5.0;
				TARGETED_DEVICE_FAMILY = "1,2,7";
				TEST_HOST = "$(BUILT_PRODUCTS_DIR)/DriveOps.app/$(BUNDLE_EXECUTABLE_FOLDER_PATH)/DriveOps";
				XROS_DEPLOYMENT_TARGET = 26.2;
			};
			name = Release;
		};
		962FAE782F73AF62008D4207 /* Debug */ = {
			isa = XCBuildConfiguration;
			buildSettings = {
				CODE_SIGN_STYLE = Automatic;
				CURRENT_PROJECT_VERSION = 1;
				DEVELOPMENT_TEAM = YPPL9F7Y4F;
				GENERATE_INFOPLIST_FILE = YES;
				IPHONEOS_DEPLOYMENT_TARGET = 26.2;
				MACOSX_DEPLOYMENT_TARGET = 26.2;
				MARKETING_VERSION = 1.0;
				PRODUCT_BUNDLE_IDENTIFIER = abduldavids.DriveOpsUITests;
				PRODUCT_NAME = "$(TARGET_NAME)";
				SDKROOT = auto;
				STRING_CATALOG_GENERATE_SYMBOLS = NO;
				SUPPORTED_PLATFORMS = "iphoneos iphonesimulator macosx xros xrsimulator";
				SWIFT_APPROACHABLE_CONCURRENCY = YES;
				SWIFT_EMIT_LOC_STRINGS = NO;
				SWIFT_UPCOMING_FEATURE_MEMBER_IMPORT_VISIBILITY = YES;
				SWIFT_VERSION = 5.0;
				TARGETED_DEVICE_FAMILY = "1,2,7";
				TEST_TARGET_NAME = DriveOps;
				XROS_DEPLOYMENT_TARGET = 26.2;
			};
			name = Debug;
		};
		962FAE792F73AF62008D4207 /* Release */ = {
			isa = XCBuildConfiguration;
			buildSettings = {
				CODE_SIGN_STYLE = Automatic;
				CURRENT_PROJECT_VERSION = 1;
				DEVELOPMENT_TEAM = YPPL9F7Y4F;
				GENERATE_INFOPLIST_FILE = YES;
				IPHONEOS_DEPLOYMENT_TARGET = 26.2;
				MACOSX_DEPLOYMENT_TARGET = 26.2;
				MARKETING_VERSION = 1.0;
				PRODUCT_BUNDLE_IDENTIFIER = abduldavids.DriveOpsUITests;
				PRODUCT_NAME = "$(TARGET_NAME)";
				SDKROOT = auto;
				STRING_CATALOG_GENERATE_SYMBOLS = NO;
				SUPPORTED_PLATFORMS = "iphoneos iphonesimulator macosx xros xrsimulator";
				SWIFT_APPROACHABLE_CONCURRENCY = YES;
				SWIFT_EMIT_LOC_STRINGS = NO;
				SWIFT_UPCOMING_FEATURE_MEMBER_IMPORT_VISIBILITY = YES;
				SWIFT_VERSION = 5.0;
				TARGETED_DEVICE_FAMILY = "1,2,7";
				TEST_TARGET_NAME = DriveOps;
				XROS_DEPLOYMENT_TARGET = 26.2;
			};
			name = Release;
		};
/* End XCBuildConfiguration section */

/* Begin XCConfigurationList section */
		962FAE492F73AF60008D4207 /* Build configuration list for PBXProject "DriveOps" */ = {
			isa = XCConfigurationList;
			buildConfigurations = (
				962FAE6F2F73AF62008D4207 /* Debug */,
				962FAE702F73AF62008D4207 /* Release */,
			);
			defaultConfigurationIsVisible = 0;
			defaultConfigurationName = Release;
		};
		962FAE712F73AF62008D4207 /* Build configuration list for PBXNativeTarget "DriveOps" */ = {
			isa = XCConfigurationList;
			buildConfigurations = (
				962FAE722F73AF62008D4207 /* Debug */,
				962FAE732F73AF62008D4207 /* Release */,
			);
			defaultConfigurationIsVisible = 0;
			defaultConfigurationName = Release;
		};
		962FAE742F73AF62008D4207 /* Build configuration list for PBXNativeTarget "DriveOpsTests" */ = {
			isa = XCConfigurationList;
			buildConfigurations = (
				962FAE752F73AF62008D4207 /* Debug */,
				962FAE762F73AF62008D4207 /* Release */,
			);
			defaultConfigurationIsVisible = 0;
			defaultConfigurationName = Release;
		};
		962FAE772F73AF62008D4207 /* Build configuration list for PBXNativeTarget "DriveOpsUITests" */ = {
			isa = XCConfigurationList;
			buildConfigurations = (
				962FAE782F73AF62008D4207 /* Debug */,
				962FAE792F73AF62008D4207 /* Release */,
			);
			defaultConfigurationIsVisible = 0;
			defaultConfigurationName = Release;
		};
/* End XCConfigurationList section */

/* Begin XCRemoteSwiftPackageReference section */
		9601A0022F9A000100000001 /* XCRemoteSwiftPackageReference "VIN" */ = {
			isa = XCRemoteSwiftPackageReference;
			repositoryURL = "https://github.com/Automotive-Swift/VIN.git";
			requirement = {
				kind = upToNextMajorVersion;
				minimumVersion = 2.0.0;
			};
		};
		961B06672F96DA31004A2A7C /* XCRemoteSwiftPackageReference "AppleIntelligenceForSwiftUI" */ = {
			isa = XCRemoteSwiftPackageReference;
			repositoryURL = "https://github.com/alessiorubicini/AppleIntelligenceForSwiftUI.git";
			requirement = {
				branch = main;
				kind = branch;
			};
		};
		9661CECD2F7510F600B851E8 /* XCRemoteSwiftPackageReference "EVMSwiftOBD2" */ = {
			isa = XCRemoteSwiftPackageReference;
			repositoryURL = "https://github.com/AbdulDavids/EVMSwiftOBD2.git";
			requirement = {
				branch = main;
				kind = branch;
			};
		};
/* End XCRemoteSwiftPackageReference section */

/* Begin XCSwiftPackageProductDependency section */
		9601A0012F9A000100000001 /* VIN */ = {
			isa = XCSwiftPackageProductDependency;
			package = 9601A0022F9A000100000001 /* XCRemoteSwiftPackageReference "VIN" */;
			productName = VIN;
		};
		961B06692F96DA31004A2A7C /* AppleIntelligenceForSwiftUI */ = {
			isa = XCSwiftPackageProductDependency;
			package = 961B06672F96DA31004A2A7C /* XCRemoteSwiftPackageReference "AppleIntelligenceForSwiftUI" */;
			productName = AppleIntelligenceForSwiftUI;
		};
		9661CECE2F7510F600B851E8 /* SwiftOBD2 */ = {
			isa = XCSwiftPackageProductDependency;
			package = 9661CECD2F7510F600B851E8 /* XCRemoteSwiftPackageReference "EVMSwiftOBD2" */;
			productName = SwiftOBD2;
		};
/* End XCSwiftPackageProductDependency section */
	};
	rootObject = 962FAE462F73AF60008D4207 /* Project object */;
}
