{
  "originHash" : "5454d973fd95d5394d09f73c5bada50edf647d892dda7ee03f0cc391da6692b2",
  "pins" : [
    {
      "identity" : "appleintelligenceforswiftui",
      "kind" : "remoteSourceControl",
      "location" : "https://github.com/alessiorubicini/AppleIntelligenceForSwiftUI.git",
      "state" : {
        "branch" : "main",
        "revision" : "a90d67baf85874b40983d83fc998ddb8c5af6f0e"
      }
    },
    {
      "identity" : "evmswiftobd2",
      "kind" : "remoteSourceControl",
      "location" : "https://github.com/valexa/EVMSwiftOBD2.git",
      "state" : {
        "branch" : "develop",
        "revision" : "ff69b919875ba19f901f2f8db05f55bb214b4d24"
      }
    }
  ],
  "version" : 3
}
