{
  "originHash" : "39b555b7e4b3f393af74181aa4d8ebec6559845078e492cbb41bf42edd11c22f",
  "pins" : [
    {
      "identity" : "appleintelligenceforswiftui",
      "kind" : "remoteSourceControl",
      "location" : "https://github.com/alessiorubicini/AppleIntelligenceForSwiftUI.git",
      "state" : {
        "branch" : "main",
        "revision" : "a90d67baf85874b40983d83fc998ddb8c5af6f0e"
      }
    },
    {
      "identity" : "swiftobd2",
      "kind" : "remoteSourceControl",
      "location" : "https://github.com/kkonteh97/SwiftOBD2.git",
      "state" : {
        "branch" : "main",
        "revision" : "fe6def4e8599671dfc1b9597dbcdbc6a7c078b96"
      }
    }
  ],
  "version" : 3
}
