{
  "originHash" : "31be6175ac13e3056d37a67cbd9aa06b6148b2895b9cf6e6a08f6df51d40d22f",
  "pins" : [
    {
      "identity" : "appleintelligenceforswiftui",
      "kind" : "remoteSourceControl",
      "location" : "https://github.com/alessiorubicini/AppleIntelligenceForSwiftUI.git",
      "state" : {
        "branch" : "main",
        "revision" : "a90d67baf85874b40983d83fc998ddb8c5af6f0e"
      }
    },
    {
      "identity" : "evmswiftobd2",
      "kind" : "remoteSourceControl",
      "location" : "https://github.com/valexa/EVMSwiftOBD2.git",
      "state" : {
        "branch" : "develop",
        "revision" : "ff69b919875ba19f901f2f8db05f55bb214b4d24"
      }
    },
    {
      "identity" : "vin",
      "kind" : "remoteSourceControl",
      "location" : "https://github.com/Automotive-Swift/VIN.git",
      "state" : {
        "revision" : "2dce2afde07470bd34e6b9d315ca562aad3e0bae",
        "version" : "2.0.0"
      }
    }
  ],
  "version" : 3
}
